
Microsoft Visual Studio Solution File, Format Version 12.00
# Visual Studio Version 16
VisualStudioVersion = 16.0.29009.5
MinimumVisualStudioVersion = 10.0.40219.1
Project("{FAE04EC0-301F-11D3-BF4B-00C04F79EFBC}") = "Triangle_Danila_Nesterko", "Triangle_Danila_Nesterko\Triangle_Danila_Nesterko.csproj", "{4793F737-D344-4191-BED9-CEC4E09FB523}"
EndProject
Global
	GlobalSection(SolutionConfigurationPlatforms) = preSolution
		Debug|Any CPU = Debug|Any CPU
		Release|Any CPU = Release|Any CPU
	EndGlobalSection
	GlobalSection(ProjectConfigurationPlatforms) = postSolution
		{4793F737-D344-4191-BED9-CEC4E09FB523}.Debug|Any CPU.ActiveCfg = Debug|Any CPU
		{4793F737-D344-4191-BED9-CEC4E09FB523}.Debug|Any CPU.Build.0 = Debug|Any CPU
		{4793F737-D344-4191-BED9-CEC4E09FB523}.Release|Any CPU.ActiveCfg = Release|Any CPU
		{4793F737-D344-4191-BED9-CEC4E09FB523}.Release|Any CPU.Build.0 = Release|Any CPU
	EndGlobalSection
	GlobalSection(SolutionProperties) = preSolution
		HideSolutionNode = FALSE
	EndGlobalSection
	GlobalSection(ExtensibilityGlobals) = postSolution
		SolutionGuid = {EEA0CFD5-40EB-4760-99CF-9C969E0D8290}
	EndGlobalSection
EndGlobal
